{
  "name": "first-project",
  "version": "1.0.0",
  "lockfileVersion": 2,
  "requires": true,
  "packages": {
    "": {
      "name": "first-project",
      "version": "1.0.0",
      "license": "ISC",
      "dependencies": {
        "parse-int": "^1.0.3"
      }
    },
    "node_modules/is-finite": {
      "version": "1.1.0",
      "resolved": "https://registry.npmjs.org/is-finite/-/is-finite-1.1.0.tgz",
      "integrity": "sha512-cdyMtqX/BOqqNBBiKlIVkytNHm49MtMlYyn1zxzvJKWmFMlGzm+ry5BBfYyeY9YmNKbRSo/o7OX9w9ale0wg3w==",
      "engines": {
        "node": ">=0.10.0"
      },
      "funding": {
        "url": "https://github.com/sponsors/sindresorhus"
      }
    },
    "node_modules/is-integer": {
      "version": "1.0.7",
      "resolved": "https://registry.npmjs.org/is-integer/-/is-integer-1.0.7.tgz",
      "integrity": "sha1-a96Bqs3feLZZtmKdYpytxRqIbVw=",
      "dependencies": {
        "is-finite": "^1.0.0"
      }
    },
    "node_modules/parse-int": {
      "version": "1.0.3",
      "resolved": "https://registry.npmjs.org/parse-int/-/parse-int-1.0.3.tgz",
      "integrity": "sha512-TfDLnW/E7Hu53nxclRtgCvvjCyA+iRqlzEbpDDRpTFSc1ovRSL/EDpgpRaEhxrGOx2w1k9bkE189FXt6PnOUUQ==",
      "dependencies": {
        "is-integer": "^1.0.4"
      },
      "engines": {
        "node": ">=0.10.0"
      }
    }
  },
  "dependencies": {
    "is-finite": {
      "version": "1.1.0",
      "resolved": "https://registry.npmjs.org/is-finite/-/is-finite-1.1.0.tgz",
      "integrity": "sha512-cdyMtqX/BOqqNBBiKlIVkytNHm49MtMlYyn1zxzvJKWmFMlGzm+ry5BBfYyeY9YmNKbRSo/o7OX9w9ale0wg3w=="
    },
    "is-integer": {
      "version": "1.0.7",
      "resolved": "https://registry.npmjs.org/is-integer/-/is-integer-1.0.7.tgz",
      "integrity": "sha1-a96Bqs3feLZZtmKdYpytxRqIbVw=",
      "requires": {
        "is-finite": "^1.0.0"
      }
    },
    "parse-int": {
      "version": "1.0.3",
      "resolved": "https://registry.npmjs.org/parse-int/-/parse-int-1.0.3.tgz",
      "integrity": "sha512-TfDLnW/E7Hu53nxclRtgCvvjCyA+iRqlzEbpDDRpTFSc1ovRSL/EDpgpRaEhxrGOx2w1k9bkE189FXt6PnOUUQ==",
      "requires": {
        "is-integer": "^1.0.4"
      }
    }
  }
}
